// !$*UTF8*$!
{
	archiveVersion = 1;
	classes = {
	};
	objectVersion = 50;
	objects = {

/* Begin PBXBuildFile section */
		E69079A821834A1B0044C308 /* AppDelegate.swift in Sources */ = {isa = PBXBuildFile; fileRef = E69079A721834A1B0044C308 /* AppDelegate.swift */; };
		E69079AA21834A1B0044C308 /* ViewController.swift in Sources */ = {isa = PBXBuildFile; fileRef = E69079A921834A1B0044C308 /* ViewController.swift */; };
		E69079AD21834A1B0044C308 /* Main.storyboard in Resources */ = {isa = PBXBuildFile; fileRef = E69079AB21834A1B0044C308 /* Main.storyboard */; };
		E69079AF21834A1C0044C308 /* Assets.xcassets in Resources */ = {isa = PBXBuildFile; fileRef = E69079AE21834A1C0044C308 /* Assets.xcassets */; };
		E69079B221834A1C0044C308 /* LaunchScreen.storyboard in Resources */ = {isa = PBXBuildFile; fileRef = E69079B021834A1C0044C308 /* LaunchScreen.storyboard */; };
		E69079BD21834A1C0044C308 /* realcalcTests.swift in Sources */ = {isa = PBXBuildFile; fileRef = E69079BC21834A1C0044C308 /* realcalcTests.swift */; };
		E69079C821834A1C0044C308 /* realcalcUITests.swift in Sources */ = {isa = PBXBuildFile; fileRef = E69079C721834A1C0044C308 /* realcalcUITests.swift */; };
/* End PBXBuildFile section */

/* Begin PBXContainerItemProxy section */
		E69079B921834A1C0044C308 /* PBXContainerItemProxy */ = {
			isa = PBXContainerItemProxy;
			containerPortal = E690799C21834A1B0044C308 /* Project object */;
			proxyType = 1;
			remoteGlobalIDString = E69079A321834A1B0044C308;
			remoteInfo = realcalc;
		};
		E69079C421834A1C0044C308 /* PBXContainerItemProxy */ = {
			isa = PBXContainerItemProxy;
			containerPortal = E690799C21834A1B0044C308 /* Project object */;
			proxyType = 1;
			remoteGlobalIDString = E69079A321834A1B0044C308;
			remoteInfo = realcalc;
		};
/* End PBXContainerItemProxy section */

/* Begin PBXFileReference section */
		E69079A421834A1B0044C308 /* realcalc.app */ = {isa = PBXFileReference; explicitFileType = wrapper.application; includeInIndex = 0; path = realcalc.app; sourceTree = BUILT_PRODUCTS_DIR; };
		E69079A721834A1B0044C308 /* AppDelegate.swift */ = {isa = PBXFileReference; lastKnownFileType = sourcecode.swift; path = AppDelegate.swift; sourceTree = "<group>"; };
		E69079A921834A1B0044C308 /* ViewController.swift */ = {isa = PBXFileReference; lastKnownFileType = sourcecode.swift; path = ViewController.swift; sourceTree = "<group>"; };
		E69079AC21834A1B0044C308 /* Base */ = {isa = PBXFileReference; lastKnownFileType = file.storyboard; name = Base; path = Base.lproj/Main.storyboard; sourceTree = "<group>"; };
		E69079AE21834A1C0044C308 /* Assets.xcassets */ = {isa = PBXFileReference; lastKnownFileType = folder.assetcatalog; path = Assets.xcassets; sourceTree = "<group>"; };
		E69079B121834A1C0044C308 /* Base */ = {isa = PBXFileReference; lastKnownFileType = file.storyboard; name = Base; path = Base.lproj/LaunchScreen.storyboard; sourceTree = "<group>"; };
		E69079B321834A1C0044C308 /* Info.plist */ = {isa = PBXFileReference; lastKnownFileType = text.plist.xml; path = Info.plist; sourceTree = "<group>"; };
		E69079B821834A1C0044C308 /* realcalcTests.xctest */ = {isa = PBXFileReference; explicitFileType = wrapper.cfbundle; includeInIndex = 0; path = realcalcTests.xctest; sourceTree = BUILT_PRODUCTS_DIR; };
		E69079BC21834A1C0044C308 /* realcalcTests.swift */ = {isa = PBXFileReference; lastKnownFileType = sourcecode.swift; path = realcalcTests.swift; sourceTree = "<group>"; };
		E69079BE21834A1C0044C308 /* Info.plist */ = {isa = PBXFileReference; lastKnownFileType = text.plist.xml; path = Info.plist; sourceTree = "<group>"; };
		E69079C321834A1C0044C308 /* realcalcUITests.xctest */ = {isa = PBXFileReference; explicitFileType = wrapper.cfbundle; includeInIndex = 0; path = realcalcUITests.xctest; sourceTree = BUILT_PRODUCTS_DIR; };
		E69079C721834A1C0044C308 /* realcalcUITests.swift */ = {isa = PBXFileReference; lastKnownFileType = sourcecode.swift; path = realcalcUITests.swift; sourceTree = "<group>"; };
		E69079C921834A1C0044C308 /* Info.plist */ = {isa = PBXFileReference; lastKnownFileType = text.plist.xml; path = Info.plist; sourceTree = "<group>"; };
/* End PBXFileReference section */

/* Begin PBXFrameworksBuildPhase section */
		E69079A121834A1B0044C308 /* Frameworks */ = {
			isa = PBXFrameworksBuildPhase;
			buildActionMask = 2147483647;
			files = (
			);
			runOnlyForDeploymentPostprocessing = 0;
		};
		E69079B521834A1C0044C308 /* Frameworks */ = {
			isa = PBXFrameworksBuildPhase;
			buildActionMask = 2147483647;
			files = (
			);
			runOnlyForDeploymentPostprocessing = 0;
		};
		E69079C021834A1C0044C308 /* Frameworks */ = {
			isa = PBXFrameworksBuildPhase;
			buildActionMask = 2147483647;
			files = (
			);
			runOnlyForDeploymentPostprocessing = 0;
		};
/* End PBXFrameworksBuildPhase section */

/* Begin PBXGroup section */
		E690799B21834A1B0044C308 = {
			isa = PBXGroup;
			children = (
				E69079A621834A1B0044C308 /* realcalc */,
				E69079BB21834A1C0044C308 /* realcalcTests */,
				E69079C621834A1C0044C308 /* realcalcUITests */,
				E69079A521834A1B0044C308 /* Products */,
			);
			sourceTree = "<group>";
		};
		E69079A521834A1B0044C308 /* Products */ = {
			isa = PBXGroup;
			children = (
				E69079A421834A1B0044C308 /* realcalc.app */,
				E69079B821834A1C0044C308 /* realcalcTests.xctest */,
				E69079C321834A1C0044C308 /* realcalcUITests.xctest */,
			);
			name = Products;
			sourceTree = "<group>";
		};
		E69079A621834A1B0044C308 /* realcalc */ = {
			isa = PBXGroup;
			children = (
				E69079A721834A1B0044C308 /* AppDelegate.swift */,
				E69079A921834A1B0044C308 /* ViewController.swift */,
				E69079AB21834A1B0044C308 /* Main.storyboard */,
				E69079AE21834A1C0044C308 /* Assets.xcassets */,
				E69079B021834A1C0044C308 /* LaunchScreen.storyboard */,
				E69079B321834A1C0044C308 /* Info.plist */,
			);
			path = realcalc;
			sourceTree = "<group>";
		};
		E69079BB21834A1C0044C308 /* realcalcTests */ = {
			isa = PBXGroup;
			children = (
				E69079BC21834A1C0044C308 /* realcalcTests.swift */,
				E69079BE21834A1C0044C308 /* Info.plist */,
			);
			path = realcalcTests;
			sourceTree = "<group>";
		};
		E69079C621834A1C0044C308 /* realcalcUITests */ = {
			isa = PBXGroup;
			children = (
				E69079C721834A1C0044C308 /* realcalcUITests.swift */,
				E69079C921834A1C0044C308 /* Info.plist */,
			);
			path = realcalcUITests;
			sourceTree = "<group>";
		};
/* End PBXGroup section */

/* Begin PBXNativeTarget section */
		E69079A321834A1B0044C308 /* realcalc */ = {
			isa = PBXNativeTarget;
			buildConfigurationList = E69079CC21834A1C0044C308 /* Build configuration list for PBXNativeTarget "realcalc" */;
			buildPhases = (
				E69079A021834A1B0044C308 /* Sources */,
				E69079A121834A1B0044C308 /* Frameworks */,
				E69079A221834A1B0044C308 /* Resources */,
			);
			buildRules = (
			);
			dependencies = (
			);
			name = realcalc;
			productName = realcalc;
			productReference = E69079A421834A1B0044C308 /* realcalc.app */;
			productType = "com.apple.product-type.application";
		};
		E69079B721834A1C0044C308 /* realcalcTests */ = {
			isa = PBXNativeTarget;
			buildConfigurationList = E69079CF21834A1C0044C308 /* Build configuration list for PBXNativeTarget "realcalcTests" */;
			buildPhases = (
				E69079B421834A1C0044C308 /* Sources */,
				E69079B521834A1C0044C308 /* Frameworks */,
				E69079B621834A1C0044C308 /* Resources */,
			);
			buildRules = (
			);
			dependencies = (
				E69079BA21834A1C0044C308 /* PBXTargetDependency */,
			);
			name = realcalcTests;
			productName = realcalcTests;
			productReference = E69079B821834A1C0044C308 /* realcalcTests.xctest */;
			productType = "com.apple.product-type.bundle.unit-test";
		};
		E69079C221834A1C0044C308 /* realcalcUITests */ = {
			isa = PBXNativeTarget;
			buildConfigurationList = E69079D221834A1C0044C308 /* Build configuration list for PBXNativeTarget "realcalcUITests" */;
			buildPhases = (
				E69079BF21834A1C0044C308 /* Sources */,
				E69079C021834A1C0044C308 /* Frameworks */,
				E69079C121834A1C0044C308 /* Resources */,
			);
			buildRules = (
			);
			dependencies = (
				E69079C521834A1C0044C308 /* PBXTargetDependency */,
			);
			name = realcalcUITests;
			productName = realcalcUITests;
			productReference = E69079C321834A1C0044C308 /* realcalcUITests.xctest */;
			productType = "com.apple.product-type.bundle.ui-testing";
		};
/* End PBXNativeTarget section */

/* Begin PBXProject section */
		E690799C21834A1B0044C308 /* Project object */ = {
			isa = PBXProject;
			attributes = {
				LastSwiftUpdateCheck = 1000;
				LastUpgradeCheck = 1000;
				ORGANIZATIONNAME = "Tsun Lai Lee";
				TargetAttributes = {
					E69079A321834A1B0044C308 = {
						CreatedOnToolsVersion = 10.0;
					};
					E69079B721834A1C0044C308 = {
						CreatedOnToolsVersion = 10.0;
						TestTargetID = E69079A321834A1B0044C308;
					};
					E69079C221834A1C0044C308 = {
						CreatedOnToolsVersion = 10.0;
						TestTargetID = E69079A321834A1B0044C308;
					};
				};
			};
			buildConfigurationList = E690799F21834A1B0044C308 /* Build configuration list for PBXProject "realcalc" */;
			compatibilityVersion = "Xcode 9.3";
			developmentRegion = en;
			hasScannedForEncodings = 0;
			knownRegions = (
				en,
				Base,
			);
			mainGroup = E690799B21834A1B0044C308;
			productRefGroup = E69079A521834A1B0044C308 /* Products */;
			projectDirPath = "";
			projectRoot = "";
			targets = (
				E69079A321834A1B0044C308 /* realcalc */,
				E69079B721834A1C0044C308 /* realcalcTests */,
				E69079C221834A1C0044C308 /* realcalcUITests */,
			);
		};
/* End PBXProject section */

/* Begin PBXResourcesBuildPhase section */
		E69079A221834A1B0044C308 /* Resources */ = {
			isa = PBXResourcesBuildPhase;
			buildActionMask = 2147483647;
			files = (
				E69079B221834A1C0044C308 /* LaunchScreen.storyboard in Resources */,
				E69079AF21834A1C0044C308 /* Assets.xcassets in Resources */,
				E69079AD21834A1B0044C308 /* Main.storyboard in Resources */,
			);
			runOnlyForDeploymentPostprocessing = 0;
		};
		E69079B621834A1C0044C308 /* Resources */ = {
			isa = PBXResourcesBuildPhase;
			buildActionMask = 2147483647;
			files = (
			);
			runOnlyForDeploymentPostprocessing = 0;
		};
		E69079C121834A1C0044C308 /* Resources */ = {
			isa = PBXResourcesBuildPhase;
			buildActionMask = 2147483647;
			files = (
			);
			runOnlyForDeploymentPostprocessing = 0;
		};
/* End PBXResourcesBuildPhase section */

/* Begin PBXSourcesBuildPhase section */
		E69079A021834A1B0044C308 /* Sources */ = {
			isa = PBXSourcesBuildPhase;
			buildActionMask = 2147483647;
			files = (
				E69079AA21834A1B0044C308 /* ViewController.swift in Sources */,
				E69079A821834A1B0044C308 /* AppDelegate.swift in Sources */,
			);
			runOnlyForDeploymentPostprocessing = 0;
		};
		E69079B421834A1C0044C308 /* Sources */ = {
			isa = PBXSourcesBuildPhase;
			buildActionMask = 2147483647;
			files = (
				E69079BD21834A1C0044C308 /* realcalcTests.swift in Sources */,
			);
			runOnlyForDeploymentPostprocessing = 0;
		};
		E69079BF21834A1C0044C308 /* Sources */ = {
			isa = PBXSourcesBuildPhase;
			buildActionMask = 2147483647;
			files = (
				E69079C821834A1C0044C308 /* realcalcUITests.swift in Sources */,
			);
			runOnlyForDeploymentPostprocessing = 0;
		};
/* End PBXSourcesBuildPhase section */

/* Begin PBXTargetDependency section */
		E69079BA21834A1C0044C308 /* PBXTargetDependency */ = {
			isa = PBXTargetDependency;
			target = E69079A321834A1B0044C308 /* realcalc */;
			targetProxy = E69079B921834A1C0044C308 /* PBXContainerItemProxy */;
		};
		E69079C521834A1C0044C308 /* PBXTargetDependency */ = {
			isa = PBXTargetDependency;
			target = E69079A321834A1B0044C308 /* realcalc */;
			targetProxy = E69079C421834A1C0044C308 /* PBXContainerItemProxy */;
		};
/* End PBXTargetDependency section */

/* Begin PBXVariantGroup section */
		E69079AB21834A1B0044C308 /* Main.storyboard */ = {
			isa = PBXVariantGroup;
			children = (
				E69079AC21834A1B0044C308 /* Base */,
			);
			name = Main.storyboard;
			sourceTree = "<group>";
		};
		E69079B021834A1C0044C308 /* LaunchScreen.storyboard */ = {
			isa = PBXVariantGroup;
			children = (
				E69079B121834A1C0044C308 /* Base */,
			);
			name = LaunchScreen.storyboard;
			sourceTree = "<group>";
		};
/* End PBXVariantGroup section */

/* Begin XCBuildConfiguration section */
		E69079CA21834A1C0044C308 /* Debug */ = {
			isa = XCBuildConfiguration;
			buildSettings = {
				ALWAYS_SEARCH_USER_PATHS = NO;
				CLANG_ANALYZER_NONNULL = YES;
				CLANG_ANALYZER_NUMBER_OBJECT_CONVERSION = YES_AGGRESSIVE;
				CLANG_CXX_LANGUAGE_STANDARD = "gnu++14";
				CLANG_CXX_LIBRARY = "libc++";
				CLANG_ENABLE_MODULES = YES;
				CLANG_ENABLE_OBJC_ARC = YES;
				CLANG_ENABLE_OBJC_WEAK = YES;
				CLANG_WARN_BLOCK_CAPTURE_AUTORELEASING = YES;
				CLANG_WARN_BOOL_CONVERSION = YES;
				CLANG_WARN_COMMA = YES;
				CLANG_WARN_CONSTANT_CONVERSION = YES;
				CLANG_WARN_DEPRECATED_OBJC_IMPLEMENTATIONS = YES;
				CLANG_WARN_DIRECT_OBJC_ISA_USAGE = YES_ERROR;
				CLANG_WARN_DOCUMENTATION_COMMENTS = YES;
				CLANG_WARN_EMPTY_BODY = YES;
				CLANG_WARN_ENUM_CONVERSION = YES;
				CLANG_WARN_INFINITE_RECURSION = YES;
				CLANG_WARN_INT_CONVERSION = YES;
				CLANG_WARN_NON_LITERAL_NULL_CONVERSION = YES;
				CLANG_WARN_OBJC_IMPLICIT_RETAIN_SELF = YES;
				CLANG_WARN_OBJC_LITERAL_CONVERSION = YES;
				CLANG_WARN_OBJC_ROOT_CLASS = YES_ERROR;
				CLANG_WARN_RANGE_LOOP_ANALYSIS = YES;
				CLANG_WARN_STRICT_PROTOTYPES = YES;
				CLANG_WARN_SUSPICIOUS_MOVE = YES;
				CLANG_WARN_UNGUARDED_AVAILABILITY = YES_AGGRESSIVE;
				CLANG_WARN_UNREACHABLE_CODE = YES;
				CLANG_WARN__DUPLICATE_METHOD_MATCH = YES;
				CODE_SIGN_IDENTITY = "iPhone Developer";
				COPY_PHASE_STRIP = NO;
				DEBUG_INFORMATION_FORMAT = dwarf;
				ENABLE_STRICT_OBJC_MSGSEND = YES;
				ENABLE_TESTABILITY = YES;
				GCC_C_LANGUAGE_STANDARD = gnu11;
				GCC_DYNAMIC_NO_PIC = NO;
				GCC_NO_COMMON_BLOCKS = YES;
				GCC_OPTIMIZATION_LEVEL = 0;
				GCC_PREPROCESSOR_DEFINITIONS = (
					"DEBUG=1",
					"$(inherited)",
				);
				GCC_WARN_64_TO_32_BIT_CONVERSION = YES;
				GCC_WARN_ABOUT_RETURN_TYPE = YES_ERROR;
				GCC_WARN_UNDECLARED_SELECTOR = YES;
				GCC_WARN_UNINITIALIZED_AUTOS = YES_AGGRESSIVE;
				GCC_WARN_UNUSED_FUNCTION = YES;
				GCC_WARN_UNUSED_VARIABLE = YES;
				IPHONEOS_DEPLOYMENT_TARGET = 12.0;
				MTL_ENABLE_DEBUG_INFO = INCLUDE_SOURCE;
				MTL_FAST_MATH = YES;
				ONLY_ACTIVE_ARCH = YES;
				SDKROOT = iphoneos;
				SWIFT_ACTIVE_COMPILATION_CONDITIONS = DEBUG;
				SWIFT_OPTIMIZATION_LEVEL = "-Onone";
			};
			name = Debug;
		};
		E69079CB21834A1C0044C308 /* Release */ = {
			isa = XCBuildConfiguration;
			buildSettings = {
				ALWAYS_SEARCH_USER_PATHS = NO;
				CLANG_ANALYZER_NONNULL = YES;
				CLANG_ANALYZER_NUMBER_OBJECT_CONVERSION = YES_AGGRESSIVE;
				CLANG_CXX_LANGUAGE_STANDARD = "gnu++14";
				CLANG_CXX_LIBRARY = "libc++";
				CLANG_ENABLE_MODULES = YES;
				CLANG_ENABLE_OBJC_ARC = YES;
				CLANG_ENABLE_OBJC_WEAK = YES;
				CLANG_WARN_BLOCK_CAPTURE_AUTORELEASING = YES;
				CLANG_WARN_BOOL_CONVERSION = YES;
				CLANG_WARN_COMMA = YES;
				CLANG_WARN_CONSTANT_CONVERSION = YES;
				CLANG_WARN_DEPRECATED_OBJC_IMPLEMENTATIONS = YES;
				CLANG_WARN_DIRECT_OBJC_ISA_USAGE = YES_ERROR;
				CLANG_WARN_DOCUMENTATION_COMMENTS = YES;
				CLANG_WARN_EMPTY_BODY = YES;
				CLANG_WARN_ENUM_CONVERSION = YES;
				CLANG_WARN_INFINITE_RECURSION = YES;
				CLANG_WARN_INT_CONVERSION = YES;
				CLANG_WARN_NON_LITERAL_NULL_CONVERSION = YES;
				CLANG_WARN_OBJC_IMPLICIT_RETAIN_SELF = YES;
				CLANG_WARN_OBJC_LITERAL_CONVERSION = YES;
				CLANG_WARN_OBJC_ROOT_CLASS = YES_ERROR;
				CLANG_WARN_RANGE_LOOP_ANALYSIS = YES;
				CLANG_WARN_STRICT_PROTOTYPES = YES;
				CLANG_WARN_SUSPICIOUS_MOVE = YES;
				CLANG_WARN_UNGUARDED_AVAILABILITY = YES_AGGRESSIVE;
				CLANG_WARN_UNREACHABLE_CODE = YES;
				CLANG_WARN__DUPLICATE_METHOD_MATCH = YES;
				CODE_SIGN_IDENTITY = "iPhone Developer";
				COPY_PHASE_STRIP = NO;
				DEBUG_INFORMATION_FORMAT = "dwarf-with-dsym";
				ENABLE_NS_ASSERTIONS = NO;
				ENABLE_STRICT_OBJC_MSGSEND = YES;
				GCC_C_LANGUAGE_STANDARD = gnu11;
				GCC_NO_COMMON_BLOCKS = YES;
				GCC_WARN_64_TO_32_BIT_CONVERSION = YES;
				GCC_WARN_ABOUT_RETURN_TYPE = YES_ERROR;
				GCC_WARN_UNDECLARED_SELECTOR = YES;
				GCC_WARN_UNINITIALIZED_AUTOS = YES_AGGRESSIVE;
				GCC_WARN_UNUSED_FUNCTION = YES;
				GCC_WARN_UNUSED_VARIABLE = YES;
				IPHONEOS_DEPLOYMENT_TARGET = 12.0;
				MTL_ENABLE_DEBUG_INFO = NO;
				MTL_FAST_MATH = YES;
				SDKROOT = iphoneos;
				SWIFT_COMPILATION_MODE = wholemodule;
				SWIFT_OPTIMIZATION_LEVEL = "-O";
				VALIDATE_PRODUCT = YES;
			};
			name = Release;
		};
		E69079CD21834A1C0044C308 /* Debug */ = {
			isa = XCBuildConfiguration;
			buildSettings = {
				ASSETCATALOG_COMPILER_APPICON_NAME = AppIcon;
				CODE_SIGN_STYLE = Automatic;
				DEVELOPMENT_TEAM = L8QSGRWXL2;
				INFOPLIST_FILE = realcalc/Info.plist;
				LD_RUNPATH_SEARCH_PATHS = (
					"$(inherited)",
					"@executable_path/Frameworks",
				);
				PRODUCT_BUNDLE_IDENTIFIER = leetsunlai.realcalc;
				PRODUCT_NAME = "$(TARGET_NAME)";
				SWIFT_VERSION = 4.2;
				TARGETED_DEVICE_FAMILY = "1,2";
			};
			name = Debug;
		};
		E69079CE21834A1C0044C308 /* Release */ = {
			isa = XCBuildConfiguration;
			buildSettings = {
				ASSETCATALOG_COMPILER_APPICON_NAME = AppIcon;
				CODE_SIGN_STYLE = Automatic;
				DEVELOPMENT_TEAM = L8QSGRWXL2;
				INFOPLIST_FILE = realcalc/Info.plist;
				LD_RUNPATH_SEARCH_PATHS = (
					"$(inherited)",
					"@executable_path/Frameworks",
				);
				PRODUCT_BUNDLE_IDENTIFIER = leetsunlai.realcalc;
				PRODUCT_NAME = "$(TARGET_NAME)";
				SWIFT_VERSION = 4.2;
				TARGETED_DEVICE_FAMILY = "1,2";
			};
			name = Release;
		};
		E69079D021834A1C0044C308 /* Debug */ = {
			isa = XCBuildConfiguration;
			buildSettings = {
				ALWAYS_EMBED_SWIFT_STANDARD_LIBRARIES = YES;
				BUNDLE_LOADER = "$(TEST_HOST)";
				CODE_SIGN_STYLE = Automatic;
				DEVELOPMENT_TEAM = L8QSGRWXL2;
				INFOPLIST_FILE = realcalcTests/Info.plist;
				LD_RUNPATH_SEARCH_PATHS = (
					"$(inherited)",
					"@executable_path/Frameworks",
					"@loader_path/Frameworks",
				);
				PRODUCT_BUNDLE_IDENTIFIER = leetsunlai.realcalcTests;
				PRODUCT_NAME = "$(TARGET_NAME)";
				SWIFT_VERSION = 4.2;
				TARGETED_DEVICE_FAMILY = "1,2";
				TEST_HOST = "$(BUILT_PRODUCTS_DIR)/realcalc.app/realcalc";
			};
			name = Debug;
		};
		E69079D121834A1C0044C308 /* Release */ = {
			isa = XCBuildConfiguration;
			buildSettings = {
				ALWAYS_EMBED_SWIFT_STANDARD_LIBRARIES = YES;
				BUNDLE_LOADER = "$(TEST_HOST)";
				CODE_SIGN_STYLE = Automatic;
				DEVELOPMENT_TEAM = L8QSGRWXL2;
				INFOPLIST_FILE = realcalcTests/Info.plist;
				LD_RUNPATH_SEARCH_PATHS = (
					"$(inherited)",
					"@executable_path/Frameworks",
					"@loader_path/Frameworks",
				);
				PRODUCT_BUNDLE_IDENTIFIER = leetsunlai.realcalcTests;
				PRODUCT_NAME = "$(TARGET_NAME)";
				SWIFT_VERSION = 4.2;
				TARGETED_DEVICE_FAMILY = "1,2";
				TEST_HOST = "$(BUILT_PRODUCTS_DIR)/realcalc.app/realcalc";
			};
			name = Release;
		};
		E69079D321834A1C0044C308 /* Debug */ = {
			isa = XCBuildConfiguration;
			buildSettings = {
				ALWAYS_EMBED_SWIFT_STANDARD_LIBRARIES = YES;
				CODE_SIGN_STYLE = Automatic;
				DEVELOPMENT_TEAM = L8QSGRWXL2;
				INFOPLIST_FILE = realcalcUITests/Info.plist;
				LD_RUNPATH_SEARCH_PATHS = (
					"$(inherited)",
					"@executable_path/Frameworks",
					"@loader_path/Frameworks",
				);
				PRODUCT_BUNDLE_IDENTIFIER = leetsunlai.realcalcUITests;
				PRODUCT_NAME = "$(TARGET_NAME)";
				SWIFT_VERSION = 4.2;
				TARGETED_DEVICE_FAMILY = "1,2";
				TEST_TARGET_NAME = realcalc;
			};
			name = Debug;
		};
		E69079D421834A1C0044C308 /* Release */ = {
			isa = XCBuildConfiguration;
			buildSettings = {
				ALWAYS_EMBED_SWIFT_STANDARD_LIBRARIES = YES;
				CODE_SIGN_STYLE = Automatic;
				DEVELOPMENT_TEAM = L8QSGRWXL2;
				INFOPLIST_FILE = realcalcUITests/Info.plist;
				LD_RUNPATH_SEARCH_PATHS = (
					"$(inherited)",
					"@executable_path/Frameworks",
					"@loader_path/Frameworks",
				);
				PRODUCT_BUNDLE_IDENTIFIER = leetsunlai.realcalcUITests;
				PRODUCT_NAME = "$(TARGET_NAME)";
				SWIFT_VERSION = 4.2;
				TARGETED_DEVICE_FAMILY = "1,2";
				TEST_TARGET_NAME = realcalc;
			};
			name = Release;
		};
/* End XCBuildConfiguration section */

/* Begin XCConfigurationList section */
		E690799F21834A1B0044C308 /* Build configuration list for PBXProject "realcalc" */ = {
			isa = XCConfigurationList;
			buildConfigurations = (
				E69079CA21834A1C0044C308 /* Debug */,
				E69079CB21834A1C0044C308 /* Release */,
			);
			defaultConfigurationIsVisible = 0;
			defaultConfigurationName = Release;
		};
		E69079CC21834A1C0044C308 /* Build configuration list for PBXNativeTarget "realcalc" */ = {
			isa = XCConfigurationList;
			buildConfigurations = (
				E69079CD21834A1C0044C308 /* Debug */,
				E69079CE21834A1C0044C308 /* Release */,
			);
			defaultConfigurationIsVisible = 0;
			defaultConfigurationName = Release;
		};
		E69079CF21834A1C0044C308 /* Build configuration list for PBXNativeTarget "realcalcTests" */ = {
			isa = XCConfigurationList;
			buildConfigurations = (
				E69079D021834A1C0044C308 /* Debug */,
				E69079D121834A1C0044C308 /* Release */,
			);
			defaultConfigurationIsVisible = 0;
			defaultConfigurationName = Release;
		};
		E69079D221834A1C0044C308 /* Build configuration list for PBXNativeTarget "realcalcUITests" */ = {
			isa = XCConfigurationList;
			buildConfigurations = (
				E69079D321834A1C0044C308 /* Debug */,
				E69079D421834A1C0044C308 /* Release */,
			);
			defaultConfigurationIsVisible = 0;
			defaultConfigurationName = Release;
		};
/* End XCConfigurationList section */
	};
	rootObject = E690799C21834A1B0044C308 /* Project object */;
}
